
Microsoft Visual Studio Solution File, Format Version 12.00
# Visual Studio 2013
VisualStudioVersion = 12.0.40629.0
MinimumVisualStudioVersion = 10.0.40219.1
Project("{FAE04EC0-301F-11D3-BF4B-00C04F79EFBC}") = "Programming.DAL", "Programming.DAL\Programming.DAL.csproj", "{AC131B9F-1544-414F-912D-B7CE7571530C}"
EndProject
Project("{FAE04EC0-301F-11D3-BF4B-00C04F79EFBC}") = "Programming.API", "Programming.API\Programming.API.csproj", "{778A931B-B69B-4FE0-8E15-3363F6BA1F1C}"
EndProject
Global
	GlobalSection(SolutionConfigurationPlatforms) = preSolution
		Debug|Any CPU = Debug|Any CPU
		Release|Any CPU = Release|Any CPU
	EndGlobalSection
	GlobalSection(ProjectConfigurationPlatforms) = postSolution
		{AC131B9F-1544-414F-912D-B7CE7571530C}.Debug|Any CPU.ActiveCfg = Debug|Any CPU
		{AC131B9F-1544-414F-912D-B7CE7571530C}.Debug|Any CPU.Build.0 = Debug|Any CPU
		{AC131B9F-1544-414F-912D-B7CE7571530C}.Release|Any CPU.ActiveCfg = Release|Any CPU
		{AC131B9F-1544-414F-912D-B7CE7571530C}.Release|Any CPU.Build.0 = Release|Any CPU
		{778A931B-B69B-4FE0-8E15-3363F6BA1F1C}.Debug|Any CPU.ActiveCfg = Debug|Any CPU
		{778A931B-B69B-4FE0-8E15-3363F6BA1F1C}.Debug|Any CPU.Build.0 = Debug|Any CPU
		{778A931B-B69B-4FE0-8E15-3363F6BA1F1C}.Release|Any CPU.ActiveCfg = Release|Any CPU
		{778A931B-B69B-4FE0-8E15-3363F6BA1F1C}.Release|Any CPU.Build.0 = Release|Any CPU
	EndGlobalSection
	GlobalSection(SolutionProperties) = preSolution
		HideSolutionNode = FALSE
	EndGlobalSection
EndGlobal
